// !$*UTF8*$!
{
	archiveVersion = 1;
	classes = {
	};
	objectVersion = 45;
	objects = {

/* Begin PBXBuildFile section */
		1D60589B0D05DD56006BFB54 /* main.mm in Sources */ = {isa = PBXBuildFile; fileRef = 29B97316FDCFA39411CA2CEA /* main.mm */; };
		1D60589F0D05DD5A006BFB54 /* Foundation.framework in Frameworks */ = {isa = PBXBuildFile; fileRef = 1D30AB110D05D00D00671497 /* Foundation.framework */; };
		1DF5F4E00D08C38300B7A737 /* UIKit.framework in Frameworks */ = {isa = PBXBuildFile; fileRef = 1DF5F4DF0D08C38300B7A737 /* UIKit.framework */; };
		2860E328111B887F00E27156 /* AppDelegate_iPhone.m in Sources */ = {isa = PBXBuildFile; fileRef = 2860E326111B887F00E27156 /* AppDelegate_iPhone.m */; };
		2860E329111B887F00E27156 /* MainWindow_iPhone.xib in Resources */ = {isa = PBXBuildFile; fileRef = 2860E327111B887F00E27156 /* MainWindow_iPhone.xib */; };
		2860E32E111B888700E27156 /* AppDelegate_iPad.m in Sources */ = {isa = PBXBuildFile; fileRef = 2860E32C111B888700E27156 /* AppDelegate_iPad.m */; };
		2860E32F111B888700E27156 /* MainWindow_iPad.xib in Resources */ = {isa = PBXBuildFile; fileRef = 2860E32D111B888700E27156 /* MainWindow_iPad.xib */; };
		288765FD0DF74451002DB57D /* CoreGraphics.framework in Frameworks */ = {isa = PBXBuildFile; fileRef = 288765FC0DF74451002DB57D /* CoreGraphics.framework */; };
		3269120A142AD3D300305931 /* SpriEngAppDelegate.mm in Sources */ = {isa = PBXBuildFile; fileRef = 32691209142AD3D300305931 /* SpriEngAppDelegate.mm */; };
		3269120E142AD4B100305931 /* GLView.m in Sources */ = {isa = PBXBuildFile; fileRef = 3269120D142AD4B100305931 /* GLView.m */; };
		32691227142AD96300305931 /* QuartzCore.framework in Frameworks */ = {isa = PBXBuildFile; fileRef = 32691226142AD96300305931 /* QuartzCore.framework */; };
		3269122B142AD97000305931 /* OpenGLES.framework in Frameworks */ = {isa = PBXBuildFile; fileRef = 3269122A142AD97000305931 /* OpenGLES.framework */; };
		326912B4142AF03A00305931 /* Game.cpp in Sources */ = {isa = PBXBuildFile; fileRef = 326912B3142AF03A00305931 /* Game.cpp */; };
		326912F8142AF6E800305931 /* SprigRenderer.cpp in Sources */ = {isa = PBXBuildFile; fileRef = 326912F7142AF6E800305931 /* SprigRenderer.cpp */; };
		962E98DF146C9796008D0BB0 /* SprigBitmap.cpp in Sources */ = {isa = PBXBuildFile; fileRef = 962E98DD146C9796008D0BB0 /* SprigBitmap.cpp */; };
		962E98E3146DD64A008D0BB0 /* SprigEntity.cpp in Sources */ = {isa = PBXBuildFile; fileRef = 962E98E1146DD64A008D0BB0 /* SprigEntity.cpp */; };
		962E98EF1471A40C008D0BB0 /* sprite.png in Resources */ = {isa = PBXBuildFile; fileRef = 962E98EE1471A40C008D0BB0 /* sprite.png */; };
		962E98F11471B1AC008D0BB0 /* noise.png in Resources */ = {isa = PBXBuildFile; fileRef = 962E98F01471B1AC008D0BB0 /* noise.png */; };
		962E98F31471B40F008D0BB0 /* test.png in Resources */ = {isa = PBXBuildFile; fileRef = 962E98F21471B40F008D0BB0 /* test.png */; };
		962EA4E31471E88E008D0BB0 /* SprigImageEncoding.cpp in Sources */ = {isa = PBXBuildFile; fileRef = 962EA4E11471E88A008D0BB0 /* SprigImageEncoding.cpp */; };
		9633ECC214424D4D008BE18B /* run_test.png in Resources */ = {isa = PBXBuildFile; fileRef = 9633ECC014424D4D008BE18B /* run_test.png */; };
		9633ECC314424D4D008BE18B /* run_test.xml in Resources */ = {isa = PBXBuildFile; fileRef = 9633ECC114424D4D008BE18B /* run_test.xml */; };
		9633ED8914425083008BE18B /* tinystr.cpp in Sources */ = {isa = PBXBuildFile; fileRef = 9633ED2014425083008BE18B /* tinystr.cpp */; };
		9633ED8A14425083008BE18B /* tinyxml.cpp in Sources */ = {isa = PBXBuildFile; fileRef = 9633ED2214425083008BE18B /* tinyxml.cpp */; };
		9633ED8D14425083008BE18B /* tinyxmlerror.cpp in Sources */ = {isa = PBXBuildFile; fileRef = 9633ED2614425083008BE18B /* tinyxmlerror.cpp */; };
		9633ED8E14425083008BE18B /* tinyxmlparser.cpp in Sources */ = {isa = PBXBuildFile; fileRef = 9633ED2714425083008BE18B /* tinyxmlparser.cpp */; };
		96392DA2147E1E83003C20E5 /* SprigInput.cpp in Sources */ = {isa = PBXBuildFile; fileRef = 96392DA0147E1E83003C20E5 /* SprigInput.cpp */; };
		964C997C14873BCF00C8B84A /* SprigApplication.mm in Sources */ = {isa = PBXBuildFile; fileRef = 964C997A14873BCF00C8B84A /* SprigApplication.mm */; };
		965306701432D0290088370F /* libz.1.1.3.dylib in Frameworks */ = {isa = PBXBuildFile; fileRef = 9653066F1432D0290088370F /* libz.1.1.3.dylib */; };
		9660339F147853B1005064FD /* SprigSprite.cpp in Sources */ = {isa = PBXBuildFile; fileRef = 9660339D147853B1005064FD /* SprigSprite.cpp */; };
		966033A31479C6EA005064FD /* SprigResource.cpp in Sources */ = {isa = PBXBuildFile; fileRef = 966033A11479C6E9005064FD /* SprigResource.cpp */; };
		966033AC147B4C10005064FD /* SprigXMLFile.cpp in Sources */ = {isa = PBXBuildFile; fileRef = 966033AA147B4C0F005064FD /* SprigXMLFile.cpp */; };
		966033AF147C4E01005064FD /* SprigSpriteAtlas.cpp in Sources */ = {isa = PBXBuildFile; fileRef = 966033AD147C4DFE005064FD /* SprigSpriteAtlas.cpp */; };
		966D23B0142FF93F0043F293 /* SprigTexture.cpp in Sources */ = {isa = PBXBuildFile; fileRef = 966D23AE142FF93E0043F293 /* SprigTexture.cpp */; };
		9679F86C1474EE1E00C0874F /* SprigMesh.cpp in Sources */ = {isa = PBXBuildFile; fileRef = 9679F86A1474EE1E00C0874F /* SprigMesh.cpp */; };
		9679F8701474F02600C0874F /* SprigVector.cpp in Sources */ = {isa = PBXBuildFile; fileRef = 9679F86E1474F02600C0874F /* SprigVector.cpp */; };
		967C095C1481B07300E97B75 /* SprigScreen.cpp in Sources */ = {isa = PBXBuildFile; fileRef = 967C095A1481B07300E97B75 /* SprigScreen.cpp */; };
		96AE536D143C275C009BE8EC /* SprigFileSystem.cpp in Sources */ = {isa = PBXBuildFile; fileRef = 96AE536B143C275B009BE8EC /* SprigFileSystem.cpp */; };
		96C3165F1487582D00CCDF82 /* SprigApplicationUpdate.mm in Sources */ = {isa = PBXBuildFile; fileRef = 96C3165D1487582D00CCDF82 /* SprigApplicationUpdate.mm */; };
		96C9AB54142C4B45000D6634 /* SprigColor.cpp in Sources */ = {isa = PBXBuildFile; fileRef = 96C9AB52142C4B45000D6634 /* SprigColor.cpp */; };
		96C9AB57142C500D000D6634 /* SprigRectangle.cpp in Sources */ = {isa = PBXBuildFile; fileRef = 96C9AB55142C500C000D6634 /* SprigRectangle.cpp */; };
		96DD36231432E54B000FC678 /* libpng15.a in Frameworks */ = {isa = PBXBuildFile; fileRef = 96DD36221432E54B000FC678 /* libpng15.a */; };
/* End PBXBuildFile section */

/* Begin PBXFileReference section */
		1D30AB110D05D00D00671497 /* Foundation.framework */ = {isa = PBXFileReference; lastKnownFileType = wrapper.framework; name = Foundation.framework; path = System/Library/Frameworks/Foundation.framework; sourceTree = SDKROOT; };
		1D6058910D05DD3D006BFB54 /* Sprig.app */ = {isa = PBXFileReference; explicitFileType = wrapper.application; includeInIndex = 0; path = Sprig.app; sourceTree = BUILT_PRODUCTS_DIR; };
		1DF5F4DF0D08C38300B7A737 /* UIKit.framework */ = {isa = PBXFileReference; lastKnownFileType = wrapper.framework; name = UIKit.framework; path = System/Library/Frameworks/UIKit.framework; sourceTree = SDKROOT; };
		2860E325111B887F00E27156 /* AppDelegate_iPhone.h */ = {isa = PBXFileReference; fileEncoding = 4; lastKnownFileType = sourcecode.c.h; path = AppDelegate_iPhone.h; sourceTree = "<group>"; };
		2860E326111B887F00E27156 /* AppDelegate_iPhone.m */ = {isa = PBXFileReference; fileEncoding = 4; lastKnownFileType = sourcecode.c.objc; path = AppDelegate_iPhone.m; sourceTree = "<group>"; };
		2860E327111B887F00E27156 /* MainWindow_iPhone.xib */ = {isa = PBXFileReference; lastKnownFileType = file.xib; path = MainWindow_iPhone.xib; sourceTree = "<group>"; };
		2860E32B111B888700E27156 /* AppDelegate_iPad.h */ = {isa = PBXFileReference; fileEncoding = 4; lastKnownFileType = sourcecode.c.h; path = AppDelegate_iPad.h; sourceTree = "<group>"; };
		2860E32C111B888700E27156 /* AppDelegate_iPad.m */ = {isa = PBXFileReference; fileEncoding = 4; lastKnownFileType = sourcecode.c.objc; path = AppDelegate_iPad.m; sourceTree = "<group>"; };
		2860E32D111B888700E27156 /* MainWindow_iPad.xib */ = {isa = PBXFileReference; lastKnownFileType = file.xib; path = MainWindow_iPad.xib; sourceTree = "<group>"; };
		288765FC0DF74451002DB57D /* CoreGraphics.framework */ = {isa = PBXFileReference; lastKnownFileType = wrapper.framework; name = CoreGraphics.framework; path = System/Library/Frameworks/CoreGraphics.framework; sourceTree = SDKROOT; };
		29B97316FDCFA39411CA2CEA /* main.mm */ = {isa = PBXFileReference; fileEncoding = 4; lastKnownFileType = sourcecode.cpp.objcpp; name = main.mm; path = Shared/main.mm; sourceTree = "<group>"; };
		32691208142AD3D300305931 /* SpriEngAppDelegate.h */ = {isa = PBXFileReference; fileEncoding = 4; lastKnownFileType = sourcecode.c.h; path = SpriEngAppDelegate.h; sourceTree = "<group>"; };
		32691209142AD3D300305931 /* SpriEngAppDelegate.mm */ = {isa = PBXFileReference; fileEncoding = 4; lastKnownFileType = sourcecode.cpp.objcpp; path = SpriEngAppDelegate.mm; sourceTree = "<group>"; };
		3269120C142AD4B100305931 /* GLView.h */ = {isa = PBXFileReference; fileEncoding = 4; lastKnownFileType = sourcecode.c.h; path = GLView.h; sourceTree = "<group>"; };
		3269120D142AD4B100305931 /* GLView.m */ = {isa = PBXFileReference; fileEncoding = 4; lastKnownFileType = sourcecode.c.objc; path = GLView.m; sourceTree = "<group>"; };
		32691215142AD64E00305931 /* Constants.h */ = {isa = PBXFileReference; fileEncoding = 4; lastKnownFileType = sourcecode.c.h; path = Constants.h; sourceTree = "<group>"; };
		32691226142AD96300305931 /* QuartzCore.framework */ = {isa = PBXFileReference; lastKnownFileType = wrapper.framework; name = QuartzCore.framework; path = System/Library/Frameworks/QuartzCore.framework; sourceTree = SDKROOT; };
		3269122A142AD97000305931 /* OpenGLES.framework */ = {isa = PBXFileReference; lastKnownFileType = wrapper.framework; name = OpenGLES.framework; path = System/Library/Frameworks/OpenGLES.framework; sourceTree = SDKROOT; };
		326912B2142AF03A00305931 /* Game.h */ = {isa = PBXFileReference; fileEncoding = 4; lastKnownFileType = sourcecode.c.h; path = Game.h; sourceTree = "<group>"; };
		326912B3142AF03A00305931 /* Game.cpp */ = {isa = PBXFileReference; fileEncoding = 4; lastKnownFileType = sourcecode.cpp.cpp; path = Game.cpp; sourceTree = "<group>"; };
		326912F6142AF6E800305931 /* SprigRenderer.h */ = {isa = PBXFileReference; fileEncoding = 4; lastKnownFileType = sourcecode.c.h; path = SprigRenderer.h; sourceTree = "<group>"; };
		326912F7142AF6E800305931 /* SprigRenderer.cpp */ = {isa = PBXFileReference; fileEncoding = 4; lastKnownFileType = sourcecode.cpp.cpp; path = SprigRenderer.cpp; sourceTree = "<group>"; };
		32691392142B03E900305931 /* MathUtil.h */ = {isa = PBXFileReference; fileEncoding = 4; lastKnownFileType = sourcecode.c.h; path = MathUtil.h; sourceTree = "<group>"; };
		32CA4F630368D1EE00C91783 /* Sprig_Prefix.pch */ = {isa = PBXFileReference; fileEncoding = 4; lastKnownFileType = sourcecode.c.h; path = Sprig_Prefix.pch; sourceTree = "<group>"; };
		8D1107310486CEB800E47090 /* Sprig-Info.plist */ = {isa = PBXFileReference; fileEncoding = 4; lastKnownFileType = text.plist.xml; path = "Sprig-Info.plist"; plistStructureDefinitionIdentifier = "com.apple.xcode.plist.structure-definition.iphone.info-plist"; sourceTree = "<group>"; };
		962E98DD146C9796008D0BB0 /* SprigBitmap.cpp */ = {isa = PBXFileReference; fileEncoding = 4; lastKnownFileType = sourcecode.cpp.cpp; path = SprigBitmap.cpp; sourceTree = "<group>"; };
		962E98DE146C9796008D0BB0 /* SprigBitmap.h */ = {isa = PBXFileReference; fileEncoding = 4; lastKnownFileType = sourcecode.c.h; path = SprigBitmap.h; sourceTree = "<group>"; };
		962E98E1146DD64A008D0BB0 /* SprigEntity.cpp */ = {isa = PBXFileReference; fileEncoding = 4; lastKnownFileType = sourcecode.cpp.cpp; path = SprigEntity.cpp; sourceTree = "<group>"; };
		962E98E2146DD64A008D0BB0 /* SprigEntity.h */ = {isa = PBXFileReference; fileEncoding = 4; lastKnownFileType = sourcecode.c.h; path = SprigEntity.h; sourceTree = "<group>"; };
		962E98EE1471A40C008D0BB0 /* sprite.png */ = {isa = PBXFileReference; lastKnownFileType = image.png; path = sprite.png; sourceTree = "<group>"; };
		962E98F01471B1AC008D0BB0 /* noise.png */ = {isa = PBXFileReference; lastKnownFileType = image.png; path = noise.png; sourceTree = "<group>"; };
		962E98F21471B40F008D0BB0 /* test.png */ = {isa = PBXFileReference; lastKnownFileType = image.png; path = test.png; sourceTree = "<group>"; };
		962EA4E11471E88A008D0BB0 /* SprigImageEncoding.cpp */ = {isa = PBXFileReference; fileEncoding = 4; lastKnownFileType = sourcecode.cpp.cpp; path = SprigImageEncoding.cpp; sourceTree = "<group>"; };
		962EA4E21471E88C008D0BB0 /* SprigImageEncoding.h */ = {isa = PBXFileReference; fileEncoding = 4; lastKnownFileType = sourcecode.c.h; path = SprigImageEncoding.h; sourceTree = "<group>"; };
		9633ECC014424D4D008BE18B /* run_test.png */ = {isa = PBXFileReference; lastKnownFileType = image.png; path = run_test.png; sourceTree = "<group>"; };
		9633ECC114424D4D008BE18B /* run_test.xml */ = {isa = PBXFileReference; fileEncoding = 4; lastKnownFileType = text.xml; path = run_test.xml; sourceTree = "<group>"; };
		9633ED2014425083008BE18B /* tinystr.cpp */ = {isa = PBXFileReference; fileEncoding = 4; lastKnownFileType = sourcecode.cpp.cpp; path = tinystr.cpp; sourceTree = "<group>"; };
		9633ED2114425083008BE18B /* tinystr.h */ = {isa = PBXFileReference; fileEncoding = 4; lastKnownFileType = sourcecode.c.h; path = tinystr.h; sourceTree = "<group>"; };
		9633ED2214425083008BE18B /* tinyxml.cpp */ = {isa = PBXFileReference; fileEncoding = 4; lastKnownFileType = sourcecode.cpp.cpp; path = tinyxml.cpp; sourceTree = "<group>"; };
		9633ED2314425083008BE18B /* tinyxml.h */ = {isa = PBXFileReference; fileEncoding = 4; lastKnownFileType = sourcecode.c.h; path = tinyxml.h; sourceTree = "<group>"; };
		9633ED2614425083008BE18B /* tinyxmlerror.cpp */ = {isa = PBXFileReference; fileEncoding = 4; lastKnownFileType = sourcecode.cpp.cpp; path = tinyxmlerror.cpp; sourceTree = "<group>"; };
		9633ED2714425083008BE18B /* tinyxmlparser.cpp */ = {isa = PBXFileReference; fileEncoding = 4; lastKnownFileType = sourcecode.cpp.cpp; path = tinyxmlparser.cpp; sourceTree = "<group>"; };
		96392DA0147E1E83003C20E5 /* SprigInput.cpp */ = {isa = PBXFileReference; fileEncoding = 4; lastKnownFileType = sourcecode.cpp.cpp; path = SprigInput.cpp; sourceTree = "<group>"; };
		96392DA1147E1E83003C20E5 /* SprigInput.h */ = {isa = PBXFileReference; fileEncoding = 4; lastKnownFileType = sourcecode.c.h; path = SprigInput.h; sourceTree = "<group>"; };
		964C997A14873BCF00C8B84A /* SprigApplication.mm */ = {isa = PBXFileReference; fileEncoding = 4; lastKnownFileType = sourcecode.cpp.objcpp; path = SprigApplication.mm; sourceTree = "<group>"; };
		964C997B14873BCF00C8B84A /* SprigApplication.h */ = {isa = PBXFileReference; fileEncoding = 4; lastKnownFileType = sourcecode.c.h; path = SprigApplication.h; sourceTree = "<group>"; };
		9653066F1432D0290088370F /* libz.1.1.3.dylib */ = {isa = PBXFileReference; lastKnownFileType = "compiled.mach-o.dylib"; name = libz.1.1.3.dylib; path = usr/lib/libz.1.1.3.dylib; sourceTree = SDKROOT; };
		9660339D147853B1005064FD /* SprigSprite.cpp */ = {isa = PBXFileReference; fileEncoding = 4; lastKnownFileType = sourcecode.cpp.cpp; path = SprigSprite.cpp; sourceTree = "<group>"; };
		9660339E147853B1005064FD /* SprigSprite.h */ = {isa = PBXFileReference; fileEncoding = 4; lastKnownFileType = sourcecode.c.h; path = SprigSprite.h; sourceTree = "<group>"; };
		966033A11479C6E9005064FD /* SprigResource.cpp */ = {isa = PBXFileReference; fileEncoding = 4; lastKnownFileType = sourcecode.cpp.cpp; path = SprigResource.cpp; sourceTree = "<group>"; };
		966033A21479C6EA005064FD /* SprigResource.h */ = {isa = PBXFileReference; fileEncoding = 4; lastKnownFileType = sourcecode.c.h; path = SprigResource.h; sourceTree = "<group>"; };
		966033AA147B4C0F005064FD /* SprigXMLFile.cpp */ = {isa = PBXFileReference; fileEncoding = 4; lastKnownFileType = sourcecode.cpp.cpp; path = SprigXMLFile.cpp; sourceTree = "<group>"; };
		966033AB147B4C10005064FD /* SprigXMLFile.h */ = {isa = PBXFileReference; fileEncoding = 4; lastKnownFileType = sourcecode.c.h; path = SprigXMLFile.h; sourceTree = "<group>"; };
		966033AD147C4DFE005064FD /* SprigSpriteAtlas.cpp */ = {isa = PBXFileReference; fileEncoding = 4; lastKnownFileType = sourcecode.cpp.cpp; path = SprigSpriteAtlas.cpp; sourceTree = "<group>"; };
		966033AE147C4DFF005064FD /* SprigSpriteAtlas.h */ = {isa = PBXFileReference; fileEncoding = 4; lastKnownFileType = sourcecode.c.h; path = SprigSpriteAtlas.h; sourceTree = "<group>"; };
		966D23AE142FF93E0043F293 /* SprigTexture.cpp */ = {isa = PBXFileReference; fileEncoding = 4; lastKnownFileType = sourcecode.cpp.cpp; path = SprigTexture.cpp; sourceTree = "<group>"; };
		966D23AF142FF93F0043F293 /* SprigTexture.h */ = {isa = PBXFileReference; fileEncoding = 4; lastKnownFileType = sourcecode.c.h; path = SprigTexture.h; sourceTree = "<group>"; };
		9679F86A1474EE1E00C0874F /* SprigMesh.cpp */ = {isa = PBXFileReference; fileEncoding = 4; lastKnownFileType = sourcecode.cpp.cpp; path = SprigMesh.cpp; sourceTree = "<group>"; };
		9679F86B1474EE1E00C0874F /* SprigMesh.h */ = {isa = PBXFileReference; fileEncoding = 4; lastKnownFileType = sourcecode.c.h; path = SprigMesh.h; sourceTree = "<group>"; };
		9679F86E1474F02600C0874F /* SprigVector.cpp */ = {isa = PBXFileReference; fileEncoding = 4; lastKnownFileType = sourcecode.cpp.cpp; path = SprigVector.cpp; sourceTree = "<group>"; };
		9679F86F1474F02600C0874F /* SprigVector.h */ = {isa = PBXFileReference; fileEncoding = 4; lastKnownFileType = sourcecode.c.h; path = SprigVector.h; sourceTree = "<group>"; };
		967C095A1481B07300E97B75 /* SprigScreen.cpp */ = {isa = PBXFileReference; fileEncoding = 4; lastKnownFileType = sourcecode.cpp.cpp; path = SprigScreen.cpp; sourceTree = "<group>"; };
		967C095B1481B07300E97B75 /* SprigScreen.h */ = {isa = PBXFileReference; fileEncoding = 4; lastKnownFileType = sourcecode.c.h; path = SprigScreen.h; sourceTree = "<group>"; };
		96AE536B143C275B009BE8EC /* SprigFileSystem.cpp */ = {isa = PBXFileReference; fileEncoding = 4; lastKnownFileType = sourcecode.cpp.cpp; path = SprigFileSystem.cpp; sourceTree = "<group>"; };
		96AE536C143C275C009BE8EC /* SprigFileSystem.h */ = {isa = PBXFileReference; fileEncoding = 4; lastKnownFileType = sourcecode.c.h; path = SprigFileSystem.h; sourceTree = "<group>"; };
		96C3165D1487582D00CCDF82 /* SprigApplicationUpdate.mm */ = {isa = PBXFileReference; fileEncoding = 4; lastKnownFileType = sourcecode.cpp.objcpp; path = SprigApplicationUpdate.mm; sourceTree = "<group>"; };
		96C3165E1487582D00CCDF82 /* SprigApplicationUpdate.h */ = {isa = PBXFileReference; fileEncoding = 4; lastKnownFileType = sourcecode.c.h; path = SprigApplicationUpdate.h; sourceTree = "<group>"; };
		96C9AB52142C4B45000D6634 /* SprigColor.cpp */ = {isa = PBXFileReference; fileEncoding = 4; lastKnownFileType = sourcecode.cpp.cpp; path = SprigColor.cpp; sourceTree = "<group>"; };
		96C9AB53142C4B45000D6634 /* SprigColor.h */ = {isa = PBXFileReference; fileEncoding = 4; lastKnownFileType = sourcecode.c.h; path = SprigColor.h; sourceTree = "<group>"; };
		96C9AB55142C500C000D6634 /* SprigRectangle.cpp */ = {isa = PBXFileReference; fileEncoding = 4; lastKnownFileType = sourcecode.cpp.cpp; path = SprigRectangle.cpp; sourceTree = "<group>"; };
		96C9AB56142C500C000D6634 /* SprigRectangle.h */ = {isa = PBXFileReference; fileEncoding = 4; lastKnownFileType = sourcecode.c.h; path = SprigRectangle.h; sourceTree = "<group>"; };
		96DD36221432E54B000FC678 /* libpng15.a */ = {isa = PBXFileReference; lastKnownFileType = archive.ar; path = libpng15.a; sourceTree = "<group>"; };
		96DD36241432E565000FC678 /* png.h */ = {isa = PBXFileReference; fileEncoding = 4; lastKnownFileType = sourcecode.c.h; path = png.h; sourceTree = "<group>"; };
		96DD36251432E565000FC678 /* pngconf.h */ = {isa = PBXFileReference; fileEncoding = 4; lastKnownFileType = sourcecode.c.h; path = pngconf.h; sourceTree = "<group>"; };
		96DD36261432E565000FC678 /* pnglibconf.h */ = {isa = PBXFileReference; fileEncoding = 4; lastKnownFileType = sourcecode.c.h; path = pnglibconf.h; sourceTree = "<group>"; };
/* End PBXFileReference section */

/* Begin PBXFrameworksBuildPhase section */
		1D60588F0D05DD3D006BFB54 /* Frameworks */ = {
			isa = PBXFrameworksBuildPhase;
			buildActionMask = 2147483647;
			files = (
				965306701432D0290088370F /* libz.1.1.3.dylib in Frameworks */,
				1D60589F0D05DD5A006BFB54 /* Foundation.framework in Frameworks */,
				1DF5F4E00D08C38300B7A737 /* UIKit.framework in Frameworks */,
				288765FD0DF74451002DB57D /* CoreGraphics.framework in Frameworks */,
				32691227142AD96300305931 /* QuartzCore.framework in Frameworks */,
				3269122B142AD97000305931 /* OpenGLES.framework in Frameworks */,
				96DD36231432E54B000FC678 /* libpng15.a in Frameworks */,
			);
			runOnlyForDeploymentPostprocessing = 0;
		};
/* End PBXFrameworksBuildPhase section */

/* Begin PBXGroup section */
		19C28FACFE9D520D11CA2CBB /* Products */ = {
			isa = PBXGroup;
			children = (
				1D6058910D05DD3D006BFB54 /* Sprig.app */,
			);
			name = Products;
			sourceTree = "<group>";
		};
		2860E324111B887F00E27156 /* iPhone */ = {
			isa = PBXGroup;
			children = (
				2860E325111B887F00E27156 /* AppDelegate_iPhone.h */,
				2860E326111B887F00E27156 /* AppDelegate_iPhone.m */,
				2860E327111B887F00E27156 /* MainWindow_iPhone.xib */,
			);
			path = iPhone;
			sourceTree = "<group>";
		};
		2860E32A111B888700E27156 /* iPad */ = {
			isa = PBXGroup;
			children = (
				2860E32B111B888700E27156 /* AppDelegate_iPad.h */,
				2860E32C111B888700E27156 /* AppDelegate_iPad.m */,
				2860E32D111B888700E27156 /* MainWindow_iPad.xib */,
			);
			path = iPad;
			sourceTree = "<group>";
		};
		28EEBF621118D79A00187D67 /* Shared */ = {
			isa = PBXGroup;
			children = (
				8D1107310486CEB800E47090 /* Sprig-Info.plist */,
			);
			name = Shared;
			sourceTree = "<group>";
		};
		29B97314FDCFA39411CA2CEA /* CustomTemplate */ = {
			isa = PBXGroup;
			children = (
				962E98EA146DEA98008D0BB0 /* Game */,
				96DD36191432DF7E000FC678 /* libraries */,
				966D2383142FC50D0043F293 /* Assets */,
				3269138C142B033D00305931 /* Util */,
				326912B1142AF02800305931 /* Engine */,
				3269120B142AD3DE00305931 /* System */,
				2860E32A111B888700E27156 /* iPad */,
				2860E324111B887F00E27156 /* iPhone */,
				28EEBF621118D79A00187D67 /* Shared */,
				29B97315FDCFA39411CA2CEA /* Other Sources */,
				29B97323FDCFA39411CA2CEA /* Frameworks */,
				19C28FACFE9D520D11CA2CBB /* Products */,
			);
			name = CustomTemplate;
			sourceTree = "<group>";
		};
		29B97315FDCFA39411CA2CEA /* Other Sources */ = {
			isa = PBXGroup;
			children = (
				32CA4F630368D1EE00C91783 /* Sprig_Prefix.pch */,
				29B97316FDCFA39411CA2CEA /* main.mm */,
			);
			name = "Other Sources";
			sourceTree = "<group>";
		};
		29B97323FDCFA39411CA2CEA /* Frameworks */ = {
			isa = PBXGroup;
			children = (
				32691226142AD96300305931 /* QuartzCore.framework */,
				3269122A142AD97000305931 /* OpenGLES.framework */,
				9653066F1432D0290088370F /* libz.1.1.3.dylib */,
				1DF5F4DF0D08C38300B7A737 /* UIKit.framework */,
				1D30AB110D05D00D00671497 /* Foundation.framework */,
				288765FC0DF74451002DB57D /* CoreGraphics.framework */,
			);
			name = Frameworks;
			sourceTree = "<group>";
		};
		3269120B142AD3DE00305931 /* System */ = {
			isa = PBXGroup;
			children = (
				32691208142AD3D300305931 /* SpriEngAppDelegate.h */,
				32691209142AD3D300305931 /* SpriEngAppDelegate.mm */,
				3269120C142AD4B100305931 /* GLView.h */,
				3269120D142AD4B100305931 /* GLView.m */,
				32691215142AD64E00305931 /* Constants.h */,
			);
			name = System;
			sourceTree = "<group>";
		};
		326912B1142AF02800305931 /* Engine */ = {
			isa = PBXGroup;
			children = (
				326912F6142AF6E800305931 /* SprigRenderer.h */,
				326912F7142AF6E800305931 /* SprigRenderer.cpp */,
				96C9AB53142C4B45000D6634 /* SprigColor.h */,
				96C9AB52142C4B45000D6634 /* SprigColor.cpp */,
				96C9AB56142C500C000D6634 /* SprigRectangle.h */,
				96C9AB55142C500C000D6634 /* SprigRectangle.cpp */,
				966D23AF142FF93F0043F293 /* SprigTexture.h */,
				966D23AE142FF93E0043F293 /* SprigTexture.cpp */,
				96AE536C143C275C009BE8EC /* SprigFileSystem.h */,
				96AE536B143C275B009BE8EC /* SprigFileSystem.cpp */,
				962E98DE146C9796008D0BB0 /* SprigBitmap.h */,
				962E98DD146C9796008D0BB0 /* SprigBitmap.cpp */,
				962E98E2146DD64A008D0BB0 /* SprigEntity.h */,
				962E98E1146DD64A008D0BB0 /* SprigEntity.cpp */,
				962EA4E11471E88A008D0BB0 /* SprigImageEncoding.cpp */,
				962EA4E21471E88C008D0BB0 /* SprigImageEncoding.h */,
				9679F86A1474EE1E00C0874F /* SprigMesh.cpp */,
				9679F86B1474EE1E00C0874F /* SprigMesh.h */,
				9679F86E1474F02600C0874F /* SprigVector.cpp */,
				9679F86F1474F02600C0874F /* SprigVector.h */,
				9660339D147853B1005064FD /* SprigSprite.cpp */,
				9660339E147853B1005064FD /* SprigSprite.h */,
				966033A11479C6E9005064FD /* SprigResource.cpp */,
				966033A21479C6EA005064FD /* SprigResource.h */,
				966033AA147B4C0F005064FD /* SprigXMLFile.cpp */,
				966033AB147B4C10005064FD /* SprigXMLFile.h */,
				966033AD147C4DFE005064FD /* SprigSpriteAtlas.cpp */,
				966033AE147C4DFF005064FD /* SprigSpriteAtlas.h */,
				96392DA0147E1E83003C20E5 /* SprigInput.cpp */,
				96392DA1147E1E83003C20E5 /* SprigInput.h */,
				967C095A1481B07300E97B75 /* SprigScreen.cpp */,
				967C095B1481B07300E97B75 /* SprigScreen.h */,
				964C997A14873BCF00C8B84A /* SprigApplication.mm */,
				964C997B14873BCF00C8B84A /* SprigApplication.h */,
				96C3165D1487582D00CCDF82 /* SprigApplicationUpdate.mm */,
				96C3165E1487582D00CCDF82 /* SprigApplicationUpdate.h */,
			);
			name = Engine;
			sourceTree = "<group>";
		};
		3269138C142B033D00305931 /* Util */ = {
			isa = PBXGroup;
			children = (
				32691392142B03E900305931 /* MathUtil.h */,
			);
			name = Util;
			sourceTree = "<group>";
		};
		962E98EA146DEA98008D0BB0 /* Game */ = {
			isa = PBXGroup;
			children = (
				326912B2142AF03A00305931 /* Game.h */,
				326912B3142AF03A00305931 /* Game.cpp */,
			);
			name = Game;
			sourceTree = "<group>";
		};
		9633ECC414425083008BE18B /* tinyxml */ = {
			isa = PBXGroup;
			children = (
				9633ED2014425083008BE18B /* tinystr.cpp */,
				9633ED2114425083008BE18B /* tinystr.h */,
				9633ED2214425083008BE18B /* tinyxml.cpp */,
				9633ED2314425083008BE18B /* tinyxml.h */,
				9633ED2614425083008BE18B /* tinyxmlerror.cpp */,
				9633ED2714425083008BE18B /* tinyxmlparser.cpp */,
			);
			path = tinyxml;
			sourceTree = "<group>";
		};
		966D2383142FC50D0043F293 /* Assets */ = {
			isa = PBXGroup;
			children = (
				962E98F21471B40F008D0BB0 /* test.png */,
				962E98F01471B1AC008D0BB0 /* noise.png */,
				962E98EE1471A40C008D0BB0 /* sprite.png */,
				9633ECC014424D4D008BE18B /* run_test.png */,
				9633ECC114424D4D008BE18B /* run_test.xml */,
			);
			name = Assets;
			sourceTree = "<group>";
		};
		96DD36191432DF7E000FC678 /* libraries */ = {
			isa = PBXGroup;
			children = (
				9633ECC414425083008BE18B /* tinyxml */,
				96DD36211432E45A000FC678 /* libpng */,
			);
			name = libraries;
			sourceTree = "<group>";
		};
		96DD36211432E45A000FC678 /* libpng */ = {
			isa = PBXGroup;
			children = (
				96DD36241432E565000FC678 /* png.h */,
				96DD36251432E565000FC678 /* pngconf.h */,
				96DD36261432E565000FC678 /* pnglibconf.h */,
				96DD36221432E54B000FC678 /* libpng15.a */,
			);
			name = libpng;
			sourceTree = "<group>";
		};
/* End PBXGroup section */

/* Begin PBXNativeTarget section */
		1D6058900D05DD3D006BFB54 /* Sprig */ = {
			isa = PBXNativeTarget;
			buildConfigurationList = 1D6058960D05DD3E006BFB54 /* Build configuration list for PBXNativeTarget "Sprig" */;
			buildPhases = (
				1D60588D0D05DD3D006BFB54 /* Resources */,
				1D60588E0D05DD3D006BFB54 /* Sources */,
				1D60588F0D05DD3D006BFB54 /* Frameworks */,
			);
			buildRules = (
			);
			dependencies = (
			);
			name = Sprig;
			productName = SpriEng;
			productReference = 1D6058910D05DD3D006BFB54 /* Sprig.app */;
			productType = "com.apple.product-type.application";
		};
/* End PBXNativeTarget section */

/* Begin PBXProject section */
		29B97313FDCFA39411CA2CEA /* Project object */ = {
			isa = PBXProject;
			buildConfigurationList = C01FCF4E08A954540054247B /* Build configuration list for PBXProject "Sprig" */;
			compatibilityVersion = "Xcode 3.1";
			developmentRegion = English;
			hasScannedForEncodings = 1;
			knownRegions = (
				English,
				Japanese,
				French,
				German,
			);
			mainGroup = 29B97314FDCFA39411CA2CEA /* CustomTemplate */;
			projectDirPath = "";
			projectRoot = "";
			targets = (
				1D6058900D05DD3D006BFB54 /* Sprig */,
			);
		};
/* End PBXProject section */

/* Begin PBXResourcesBuildPhase section */
		1D60588D0D05DD3D006BFB54 /* Resources */ = {
			isa = PBXResourcesBuildPhase;
			buildActionMask = 2147483647;
			files = (
				2860E329111B887F00E27156 /* MainWindow_iPhone.xib in Resources */,
				2860E32F111B888700E27156 /* MainWindow_iPad.xib in Resources */,
				9633ECC214424D4D008BE18B /* run_test.png in Resources */,
				9633ECC314424D4D008BE18B /* run_test.xml in Resources */,
				962E98EF1471A40C008D0BB0 /* sprite.png in Resources */,
				962E98F11471B1AC008D0BB0 /* noise.png in Resources */,
				962E98F31471B40F008D0BB0 /* test.png in Resources */,
			);
			runOnlyForDeploymentPostprocessing = 0;
		};
/* End PBXResourcesBuildPhase section */

/* Begin PBXSourcesBuildPhase section */
		1D60588E0D05DD3D006BFB54 /* Sources */ = {
			isa = PBXSourcesBuildPhase;
			buildActionMask = 2147483647;
			files = (
				1D60589B0D05DD56006BFB54 /* main.mm in Sources */,
				2860E328111B887F00E27156 /* AppDelegate_iPhone.m in Sources */,
				2860E32E111B888700E27156 /* AppDelegate_iPad.m in Sources */,
				3269120A142AD3D300305931 /* SpriEngAppDelegate.mm in Sources */,
				3269120E142AD4B100305931 /* GLView.m in Sources */,
				326912B4142AF03A00305931 /* Game.cpp in Sources */,
				326912F8142AF6E800305931 /* SprigRenderer.cpp in Sources */,
				96C9AB54142C4B45000D6634 /* SprigColor.cpp in Sources */,
				96C9AB57142C500D000D6634 /* SprigRectangle.cpp in Sources */,
				966D23B0142FF93F0043F293 /* SprigTexture.cpp in Sources */,
				96AE536D143C275C009BE8EC /* SprigFileSystem.cpp in Sources */,
				9633ED8914425083008BE18B /* tinystr.cpp in Sources */,
				9633ED8A14425083008BE18B /* tinyxml.cpp in Sources */,
				9633ED8D14425083008BE18B /* tinyxmlerror.cpp in Sources */,
				9633ED8E14425083008BE18B /* tinyxmlparser.cpp in Sources */,
				962E98DF146C9796008D0BB0 /* SprigBitmap.cpp in Sources */,
				962E98E3146DD64A008D0BB0 /* SprigEntity.cpp in Sources */,
				962EA4E31471E88E008D0BB0 /* SprigImageEncoding.cpp in Sources */,
				9679F86C1474EE1E00C0874F /* SprigMesh.cpp in Sources */,
				9679F8701474F02600C0874F /* SprigVector.cpp in Sources */,
				9660339F147853B1005064FD /* SprigSprite.cpp in Sources */,
				966033A31479C6EA005064FD /* SprigResource.cpp in Sources */,
				966033AC147B4C10005064FD /* SprigXMLFile.cpp in Sources */,
				966033AF147C4E01005064FD /* SprigSpriteAtlas.cpp in Sources */,
				96392DA2147E1E83003C20E5 /* SprigInput.cpp in Sources */,
				967C095C1481B07300E97B75 /* SprigScreen.cpp in Sources */,
				964C997C14873BCF00C8B84A /* SprigApplication.mm in Sources */,
				96C3165F1487582D00CCDF82 /* SprigApplicationUpdate.mm in Sources */,
			);
			runOnlyForDeploymentPostprocessing = 0;
		};
/* End PBXSourcesBuildPhase section */

/* Begin XCBuildConfiguration section */
		1D6058940D05DD3E006BFB54 /* Debug */ = {
			isa = XCBuildConfiguration;
			buildSettings = {
				ALWAYS_SEARCH_USER_PATHS = NO;
				COPY_PHASE_STRIP = NO;
				GCC_DYNAMIC_NO_PIC = NO;
				GCC_OPTIMIZATION_LEVEL = 0;
				GCC_PRECOMPILE_PREFIX_HEADER = YES;
				GCC_PREFIX_HEADER = Sprig_Prefix.pch;
				"HEADER_SEARCH_PATHS[arch=*]" = "";
				INFOPLIST_FILE = "Sprig-Info.plist";
				LIBRARY_SEARCH_PATHS = (
					"$(inherited)",
					"\"$(SRCROOT)\"",
				);
				PRODUCT_NAME = Sprig;
			};
			name = Debug;
		};
		1D6058950D05DD3E006BFB54 /* Release */ = {
			isa = XCBuildConfiguration;
			buildSettings = {
				ALWAYS_SEARCH_USER_PATHS = NO;
				COPY_PHASE_STRIP = YES;
				GCC_PRECOMPILE_PREFIX_HEADER = YES;
				GCC_PREFIX_HEADER = Sprig_Prefix.pch;
				INFOPLIST_FILE = "Sprig-Info.plist";
				LIBRARY_SEARCH_PATHS = (
					"$(inherited)",
					"\"$(SRCROOT)\"",
				);
				PRODUCT_NAME = Sprig;
				VALIDATE_PRODUCT = YES;
			};
			name = Release;
		};
		C01FCF4F08A954540054247B /* Debug */ = {
			isa = XCBuildConfiguration;
			buildSettings = {
				ARCHS = "$(ARCHS_STANDARD_32_BIT)";
				"CODE_SIGN_IDENTITY[sdk=iphoneos*]" = "iPhone Developer";
				GCC_C_LANGUAGE_STANDARD = c99;
				GCC_WARN_ABOUT_RETURN_TYPE = YES;
				GCC_WARN_UNUSED_VARIABLE = YES;
				PREBINDING = NO;
				SDKROOT = iphoneos4.3;
				TARGETED_DEVICE_FAMILY = "1,2";
			};
			name = Debug;
		};
		C01FCF5008A954540054247B /* Release */ = {
			isa = XCBuildConfiguration;
			buildSettings = {
				ARCHS = "$(ARCHS_STANDARD_32_BIT)";
				"CODE_SIGN_IDENTITY[sdk=iphoneos*]" = "iPhone Developer";
				GCC_C_LANGUAGE_STANDARD = c99;
				GCC_WARN_ABOUT_RETURN_TYPE = YES;
				GCC_WARN_UNUSED_VARIABLE = YES;
				OTHER_CFLAGS = "-DNS_BLOCK_ASSERTIONS=1";
				PREBINDING = NO;
				SDKROOT = iphoneos4.3;
				TARGETED_DEVICE_FAMILY = "1,2";
			};
			name = Release;
		};
/* End XCBuildConfiguration section */

/* Begin XCConfigurationList section */
		1D6058960D05DD3E006BFB54 /* Build configuration list for PBXNativeTarget "Sprig" */ = {
			isa = XCConfigurationList;
			buildConfigurations = (
				1D6058940D05DD3E006BFB54 /* Debug */,
				1D6058950D05DD3E006BFB54 /* Release */,
			);
			defaultConfigurationIsVisible = 0;
			defaultConfigurationName = Release;
		};
		C01FCF4E08A954540054247B /* Build configuration list for PBXProject "Sprig" */ = {
			isa = XCConfigurationList;
			buildConfigurations = (
				C01FCF4F08A954540054247B /* Debug */,
				C01FCF5008A954540054247B /* Release */,
			);
			defaultConfigurationIsVisible = 0;
			defaultConfigurationName = Release;
		};
/* End XCConfigurationList section */
	};
	rootObject = 29B97313FDCFA39411CA2CEA /* Project object */;
}
